
Microsoft Visual Studio Solution File, Format Version 12.00
# Visual Studio Version 16
VisualStudioVersion = 16.0.30002.166
MinimumVisualStudioVersion = 10.0.40219.1
Project("{FAE04EC0-301F-11D3-BF4B-00C04F79EFBC}") = "ShoeList", "ShoeList.csproj", "{1FB8AC11-4DF2-43E9-BE4F-40D45C667D7F}"
EndProject
Global
	GlobalSection(SolutionConfigurationPlatforms) = preSolution
		Debug|Any CPU = Debug|Any CPU
		Release|Any CPU = Release|Any CPU
	EndGlobalSection
	GlobalSection(ProjectConfigurationPlatforms) = postSolution
		{1FB8AC11-4DF2-43E9-BE4F-40D45C667D7F}.Debug|Any CPU.ActiveCfg = Debug|Any CPU
		{1FB8AC11-4DF2-43E9-BE4F-40D45C667D7F}.Debug|Any CPU.Build.0 = Debug|Any CPU
		{1FB8AC11-4DF2-43E9-BE4F-40D45C667D7F}.Release|Any CPU.ActiveCfg = Release|Any CPU
		{1FB8AC11-4DF2-43E9-BE4F-40D45C667D7F}.Release|Any CPU.Build.0 = Release|Any CPU
	EndGlobalSection
	GlobalSection(SolutionProperties) = preSolution
		HideSolutionNode = FALSE
	EndGlobalSection
	GlobalSection(ExtensibilityGlobals) = postSolution
		SolutionGuid = {847F1D50-E84F-4F7A-BC4E-228539A62297}
	EndGlobalSection
EndGlobal
